PODS:
  - FlutterMacOS (1.0.0)
  - onnxruntime (0.0.1):
    - FlutterMacOS

DEPENDENCIES:
  - FlutterMacOS (from `Flutter/ephemeral`)
  - onnxruntime (from `Flutter/ephemeral/.symlinks/plugins/onnxruntime/macos`)

EXTERNAL SOURCES:
  FlutterMacOS:
    :path: Flutter/ephemeral
  onnxruntime:
    :path: Flutter/ephemeral/.symlinks/plugins/onnxruntime/macos

SPEC CHECKSUMS:
  FlutterMacOS: d0db08ddef1a9af05a5ec4b724367152bb0500b1
  onnxruntime: 07de55f2042e50ef3769768feb45eb69552cff05

PODFILE CHECKSUM: 54d867c82ac51cbd61b565781b9fada492027009

COCOAPODS: 1.16.2
